
Microsoft Visual Studio Solution File, Format Version 12.00
# Visual Studio Version 17
VisualStudioVersion = 17.8.34309.116
MinimumVisualStudioVersion = 10.0.40219.1
Project("{FAE04EC0-301F-11D3-BF4B-00C04F79EFBC}") = "09.13.2023Task", "09.13.2023Task\09.13.2023Task.csproj", "{B0F16259-5634-4C22-AECC-18AE8425AF9C}"
EndProject
Project("{FAE04EC0-301F-11D3-BF4B-00C04F79EFBC}") = "09.13.2023Task.Domain", "ClassLibrary1\09.13.2023Task.Domain.csproj", "{F1BD801D-59B3-4EBC-B751-053C063DAF00}"
EndProject
Global
	GlobalSection(SolutionConfigurationPlatforms) = preSolution
		Debug|Any CPU = Debug|Any CPU
		Release|Any CPU = Release|Any CPU
	EndGlobalSection
	GlobalSection(ProjectConfigurationPlatforms) = postSolution
		{B0F16259-5634-4C22-AECC-18AE8425AF9C}.Debug|Any CPU.ActiveCfg = Debug|Any CPU
		{B0F16259-5634-4C22-AECC-18AE8425AF9C}.Debug|Any CPU.Build.0 = Debug|Any CPU
		{B0F16259-5634-4C22-AECC-18AE8425AF9C}.Release|Any CPU.ActiveCfg = Release|Any CPU
		{B0F16259-5634-4C22-AECC-18AE8425AF9C}.Release|Any CPU.Build.0 = Release|Any CPU
		{F1BD801D-59B3-4EBC-B751-053C063DAF00}.Debug|Any CPU.ActiveCfg = Debug|Any CPU
		{F1BD801D-59B3-4EBC-B751-053C063DAF00}.Debug|Any CPU.Build.0 = Debug|Any CPU
		{F1BD801D-59B3-4EBC-B751-053C063DAF00}.Release|Any CPU.ActiveCfg = Release|Any CPU
		{F1BD801D-59B3-4EBC-B751-053C063DAF00}.Release|Any CPU.Build.0 = Release|Any CPU
	EndGlobalSection
	GlobalSection(SolutionProperties) = preSolution
		HideSolutionNode = FALSE
	EndGlobalSection
	GlobalSection(ExtensibilityGlobals) = postSolution
		SolutionGuid = {6CD3BEF2-105C-4BCC-8A0E-37F37492BEFE}
	EndGlobalSection
EndGlobal
